
Microsoft Visual Studio Solution File, Format Version 12.00
# Visual Studio Version 17
VisualStudioVersion = 17.3.32901.215
MinimumVisualStudioVersion = 10.0.40219.1
Project("{9A19103F-16F7-4668-BE54-9A1E7A4F7556}") = "Domain", "Domain\Domain.csproj", "{FFF9E881-8E56-45F7-B0E9-6A220C8D8520}"
EndProject
Project("{9A19103F-16F7-4668-BE54-9A1E7A4F7556}") = "API", "API\API.csproj", "{135F581D-9216-4D4C-BC9C-EA6850488DAD}"
EndProject
Project("{9A19103F-16F7-4668-BE54-9A1E7A4F7556}") = "Service", "Service\Service.csproj", "{7374B559-5496-4B2C-BF17-8688C2E34401}"
EndProject
Project("{2150E333-8FDC-42A3-9474-1A3956D46DE8}") = "4 - Infra", "4 - Infra", "{3D485E52-CA37-412A-9BB8-C3530D9190D3}"
EndProject
Project("{2150E333-8FDC-42A3-9474-1A3956D46DE8}") = "1 - API", "1 - API", "{B99CF35E-E4FE-411B-80C8-9A3D4390E0FA}"
EndProject
Project("{2150E333-8FDC-42A3-9474-1A3956D46DE8}") = "2 - Domain", "2 - Domain", "{B53A6163-C7EB-43D3-A4ED-C6322C33128E}"
EndProject
Project("{2150E333-8FDC-42A3-9474-1A3956D46DE8}") = "3 - Service", "3 - Service", "{4441F186-F215-4B73-BAF4-5403A5AB8D36}"
EndProject
Project("{9A19103F-16F7-4668-BE54-9A1E7A4F7556}") = "Data", "Data\Data.csproj", "{A9225558-2636-4A07-B6D9-0E1C2F14CEEE}"
EndProject
Project("{9A19103F-16F7-4668-BE54-9A1E7A4F7556}") = "CrossCutting", "CrossCutting\CrossCutting.csproj", "{5960FEAE-EEFD-4C77-9553-6C17FEC87274}"
EndProject
Project("{FAE04EC0-301F-11D3-BF4B-00C04F79EFBC}") = "Shared", "Shared\Shared.csproj", "{516699DF-D6CC-442A-904D-B2F17F0178BF}"
EndProject
Global
	GlobalSection(SolutionConfigurationPlatforms) = preSolution
		Debug|Any CPU = Debug|Any CPU
		Release|Any CPU = Release|Any CPU
	EndGlobalSection
	GlobalSection(ProjectConfigurationPlatforms) = postSolution
		{FFF9E881-8E56-45F7-B0E9-6A220C8D8520}.Debug|Any CPU.ActiveCfg = Debug|Any CPU
		{FFF9E881-8E56-45F7-B0E9-6A220C8D8520}.Debug|Any CPU.Build.0 = Debug|Any CPU
		{FFF9E881-8E56-45F7-B0E9-6A220C8D8520}.Release|Any CPU.ActiveCfg = Release|Any CPU
		{FFF9E881-8E56-45F7-B0E9-6A220C8D8520}.Release|Any CPU.Build.0 = Release|Any CPU
		{135F581D-9216-4D4C-BC9C-EA6850488DAD}.Debug|Any CPU.ActiveCfg = Debug|Any CPU
		{135F581D-9216-4D4C-BC9C-EA6850488DAD}.Debug|Any CPU.Build.0 = Debug|Any CPU
		{135F581D-9216-4D4C-BC9C-EA6850488DAD}.Release|Any CPU.ActiveCfg = Release|Any CPU
		{135F581D-9216-4D4C-BC9C-EA6850488DAD}.Release|Any CPU.Build.0 = Release|Any CPU
		{7374B559-5496-4B2C-BF17-8688C2E34401}.Debug|Any CPU.ActiveCfg = Debug|Any CPU
		{7374B559-5496-4B2C-BF17-8688C2E34401}.Debug|Any CPU.Build.0 = Debug|Any CPU
		{7374B559-5496-4B2C-BF17-8688C2E34401}.Release|Any CPU.ActiveCfg = Release|Any CPU
		{7374B559-5496-4B2C-BF17-8688C2E34401}.Release|Any CPU.Build.0 = Release|Any CPU
		{A9225558-2636-4A07-B6D9-0E1C2F14CEEE}.Debug|Any CPU.ActiveCfg = Debug|Any CPU
		{A9225558-2636-4A07-B6D9-0E1C2F14CEEE}.Debug|Any CPU.Build.0 = Debug|Any CPU
		{A9225558-2636-4A07-B6D9-0E1C2F14CEEE}.Release|Any CPU.ActiveCfg = Release|Any CPU
		{A9225558-2636-4A07-B6D9-0E1C2F14CEEE}.Release|Any CPU.Build.0 = Release|Any CPU
		{5960FEAE-EEFD-4C77-9553-6C17FEC87274}.Debug|Any CPU.ActiveCfg = Debug|Any CPU
		{5960FEAE-EEFD-4C77-9553-6C17FEC87274}.Debug|Any CPU.Build.0 = Debug|Any CPU
		{5960FEAE-EEFD-4C77-9553-6C17FEC87274}.Release|Any CPU.ActiveCfg = Release|Any CPU
		{5960FEAE-EEFD-4C77-9553-6C17FEC87274}.Release|Any CPU.Build.0 = Release|Any CPU
		{516699DF-D6CC-442A-904D-B2F17F0178BF}.Debug|Any CPU.ActiveCfg = Debug|Any CPU
		{516699DF-D6CC-442A-904D-B2F17F0178BF}.Debug|Any CPU.Build.0 = Debug|Any CPU
		{516699DF-D6CC-442A-904D-B2F17F0178BF}.Release|Any CPU.ActiveCfg = Release|Any CPU
		{516699DF-D6CC-442A-904D-B2F17F0178BF}.Release|Any CPU.Build.0 = Release|Any CPU
	EndGlobalSection
	GlobalSection(SolutionProperties) = preSolution
		HideSolutionNode = FALSE
	EndGlobalSection
	GlobalSection(NestedProjects) = preSolution
		{FFF9E881-8E56-45F7-B0E9-6A220C8D8520} = {B53A6163-C7EB-43D3-A4ED-C6322C33128E}
		{135F581D-9216-4D4C-BC9C-EA6850488DAD} = {B99CF35E-E4FE-411B-80C8-9A3D4390E0FA}
		{7374B559-5496-4B2C-BF17-8688C2E34401} = {4441F186-F215-4B73-BAF4-5403A5AB8D36}
		{A9225558-2636-4A07-B6D9-0E1C2F14CEEE} = {3D485E52-CA37-412A-9BB8-C3530D9190D3}
		{5960FEAE-EEFD-4C77-9553-6C17FEC87274} = {3D485E52-CA37-412A-9BB8-C3530D9190D3}
		{516699DF-D6CC-442A-904D-B2F17F0178BF} = {3D485E52-CA37-412A-9BB8-C3530D9190D3}
	EndGlobalSection
	GlobalSection(ExtensibilityGlobals) = postSolution
		SolutionGuid = {0BB0826B-5C79-4CF6-9CE9-1A328F8EDF92}
	EndGlobalSection
EndGlobal
